
Microsoft Visual Studio Solution File, Format Version 12.00
# Visual Studio Version 17
VisualStudioVersion = 17.6.33829.357
MinimumVisualStudioVersion = 10.0.40219.1
Project("{FAE04EC0-301F-11D3-BF4B-00C04F79EFBC}") = "EnvyUpdate", "EnvyUpdate\EnvyUpdate.csproj", "{1BF2468D-9579-462D-9153-4836E9C8721F}"
EndProject
Global
	GlobalSection(SolutionConfigurationPlatforms) = preSolution
		Debug - ignoregpu|Any CPU = Debug - ignoregpu|Any CPU
		Debug - ignoregpu|x64 = Debug - ignoregpu|x64
		Debug - ignoregpu|x86 = Debug - ignoregpu|x86
		Debug|Any CPU = Debug|Any CPU
		Debug|x64 = Debug|x64
		Debug|x86 = Debug|x86
		Release|Any CPU = Release|Any CPU
		Release|x64 = Release|x64
		Release|x86 = Release|x86
	EndGlobalSection
	GlobalSection(ProjectConfigurationPlatforms) = postSolution
		{1BF2468D-9579-462D-9153-4836E9C8721F}.Debug - ignoregpu|Any CPU.ActiveCfg = Debug - ignoregpu|Any CPU
		{1BF2468D-9579-462D-9153-4836E9C8721F}.Debug - ignoregpu|Any CPU.Build.0 = Debug - ignoregpu|Any CPU
		{1BF2468D-9579-462D-9153-4836E9C8721F}.Debug - ignoregpu|x64.ActiveCfg = Debug - ignoregpu|x64
		{1BF2468D-9579-462D-9153-4836E9C8721F}.Debug - ignoregpu|x64.Build.0 = Debug - ignoregpu|x64
		{1BF2468D-9579-462D-9153-4836E9C8721F}.Debug - ignoregpu|x86.ActiveCfg = Debug - ignoregpu|x86
		{1BF2468D-9579-462D-9153-4836E9C8721F}.Debug - ignoregpu|x86.Build.0 = Debug - ignoregpu|x86
		{1BF2468D-9579-462D-9153-4836E9C8721F}.Debug|Any CPU.ActiveCfg = Debug|Any CPU
		{1BF2468D-9579-462D-9153-4836E9C8721F}.Debug|Any CPU.Build.0 = Debug|Any CPU
		{1BF2468D-9579-462D-9153-4836E9C8721F}.Debug|x64.ActiveCfg = Debug|x64
		{1BF2468D-9579-462D-9153-4836E9C8721F}.Debug|x64.Build.0 = Debug|x64
		{1BF2468D-9579-462D-9153-4836E9C8721F}.Debug|x86.ActiveCfg = Debug|x86
		{1BF2468D-9579-462D-9153-4836E9C8721F}.Debug|x86.Build.0 = Debug|x86
		{1BF2468D-9579-462D-9153-4836E9C8721F}.Release|Any CPU.ActiveCfg = Release|Any CPU
		{1BF2468D-9579-462D-9153-4836E9C8721F}.Release|Any CPU.Build.0 = Release|Any CPU
		{1BF2468D-9579-462D-9153-4836E9C8721F}.Release|x64.ActiveCfg = Release|x64
		{1BF2468D-9579-462D-9153-4836E9C8721F}.Release|x64.Build.0 = Release|x64
		{1BF2468D-9579-462D-9153-4836E9C8721F}.Release|x86.ActiveCfg = Release|x86
		{1BF2468D-9579-462D-9153-4836E9C8721F}.Release|x86.Build.0 = Release|x86
	EndGlobalSection
	GlobalSection(SolutionProperties) = preSolution
		HideSolutionNode = FALSE
	EndGlobalSection
	GlobalSection(ExtensibilityGlobals) = postSolution
		SolutionGuid = {420FF0E8-D617-4002-AE19-8D9C50016CC7}
	EndGlobalSection
EndGlobal
